
Microsoft Visual Studio Solution File, Format Version 12.00
# Visual Studio Version 17
VisualStudioVersion = 17.11.35327.3
MinimumVisualStudioVersion = 10.0.40219.1
Project("{FAE04EC0-301F-11D3-BF4B-00C04F79EFBC}") = "ConsoleApp2", "ConsoleApp2\ConsoleApp2.csproj", "{74F77718-1868-4DF8-B85C-36BF01079A45}"
EndProject
Global
	GlobalSection(SolutionConfigurationPlatforms) = preSolution
		Debug|Any CPU = Debug|Any CPU
		Release|Any CPU = Release|Any CPU
	EndGlobalSection
	GlobalSection(ProjectConfigurationPlatforms) = postSolution
		{74F77718-1868-4DF8-B85C-36BF01079A45}.Debug|Any CPU.ActiveCfg = Debug|Any CPU
		{74F77718-1868-4DF8-B85C-36BF01079A45}.Debug|Any CPU.Build.0 = Debug|Any CPU
		{74F77718-1868-4DF8-B85C-36BF01079A45}.Release|Any CPU.ActiveCfg = Release|Any CPU
		{74F77718-1868-4DF8-B85C-36BF01079A45}.Release|Any CPU.Build.0 = Release|Any CPU
	EndGlobalSection
	GlobalSection(SolutionProperties) = preSolution
		HideSolutionNode = FALSE
	EndGlobalSection
	GlobalSection(ExtensibilityGlobals) = postSolution
		SolutionGuid = {C100CD08-E44C-4648-865F-7D81DF870CBE}
	EndGlobalSection
EndGlobal
